{
  "version": 4,
  "terraform_version": "1.1.6",
  "serial": 318,
  "lineage": "aeb96c6c-b88d-1349-c5bf-f9bda8ef12c6",
  "outputs": {},
  "resources": [
    {
      "mode": "data",
      "type": "aws_ami",
      "name": "amazon",
      "provider": "provider[\"registry.terraform.io/hashicorp/aws\"]",
      "instances": [
        {
          "schema_version": 0,
          "attributes": {
            "architecture": "x86_64",
            "arn": "arn:aws:ec2:us-west-1::image/ami-05a9cfd70c2380141",
            "block_device_mappings": [
              {
                "device_name": "/dev/xvda",
                "ebs": {
                  "delete_on_termination": "true",
                  "encrypted": "false",
                  "iops": "0",
                  "snapshot_id": "snap-0c1da5f2e7c35ac57",
                  "throughput": "0",
                  "volume_size": "8",
                  "volume_type": "standard"
                },
                "no_device": "",
                "virtual_name": ""
              }
            ],
            "boot_mode": "",
            "creation_date": "2022-02-08T00:24:33.000Z",
            "description": "Amazon Linux 2 AMI 2.0.20220207.1 x86_64 HVM ebs",
            "ena_support": true,
            "executable_users": null,
            "filter": [
              {
                "name": "name",
                "values": [
                  "amzn2-ami-hvm-*-x86_64-ebs"
                ]
              },
              {
                "name": "virtualization-type",
                "values": [
                  "hvm"
                ]
              }
            ],
            "hypervisor": "xen",
            "id": "ami-05a9cfd70c2380141",
            "image_id": "ami-05a9cfd70c2380141",
            "image_location": "amazon/amzn2-ami-hvm-2.0.20220207.1-x86_64-ebs",
            "image_owner_alias": "amazon",
            "image_type": "machine",
            "kernel_id": null,
            "most_recent": true,
            "name": "amzn2-ami-hvm-2.0.20220207.1-x86_64-ebs",
            "name_regex": null,
            "owner_id": "137112412989",
            "owners": [
              "amazon"
            ],
            "platform": null,
            "platform_details": "Linux/UNIX",
            "product_codes": [],
            "public": true,
            "ramdisk_id": null,
            "root_device_name": "/dev/xvda",
            "root_device_type": "ebs",
            "root_snapshot_id": "snap-0c1da5f2e7c35ac57",
            "sriov_net_support": "simple",
            "state": "available",
            "state_reason": {
              "code": "UNSET",
              "message": "UNSET"
            },
            "tags": {},
            "usage_operation": "RunInstances",
            "virtualization_type": "hvm"
          },
          "sensitive_attributes": []
        }
      ]
    },
    {
      "mode": "data",
      "type": "aws_ami",
      "name": "ubuntu",
      "provider": "provider[\"registry.terraform.io/hashicorp/aws\"]",
      "instances": [
        {
          "schema_version": 0,
          "attributes": {
            "architecture": "x86_64",
            "arn": "arn:aws:ec2:us-west-1::image/ami-0454207e5367abf01",
            "block_device_mappings": [
              {
                "device_name": "/dev/sda1",
                "ebs": {
                  "delete_on_termination": "true",
                  "encrypted": "false",
                  "iops": "0",
                  "snapshot_id": "snap-0b0d53d2a20808560",
                  "throughput": "0",
                  "volume_size": "8",
                  "volume_type": "gp2"
                },
                "no_device": "",
                "virtual_name": ""
              },
              {
                "device_name": "/dev/sdb",
                "ebs": {},
                "no_device": "",
                "virtual_name": "ephemeral0"
              },
              {
                "device_name": "/dev/sdc",
                "ebs": {},
                "no_device": "",
                "virtual_name": "ephemeral1"
              }
            ],
            "boot_mode": "",
            "creation_date": "2021-09-29T08:19:54.000Z",
            "description": "Canonical, Ubuntu, 16.04 LTS, amd64 xenial image build on 2021-09-28",
            "ena_support": true,
            "executable_users": null,
            "filter": [
              {
                "name": "name",
                "values": [
                  "ubuntu/images/hvm-ssd/ubuntu-xenial-16.04-amd64-server-*"
                ]
              },
              {
                "name": "virtualization-type",
                "values": [
                  "hvm"
                ]
              }
            ],
            "hypervisor": "xen",
            "id": "ami-0454207e5367abf01",
            "image_id": "ami-0454207e5367abf01",
            "image_location": "099720109477/ubuntu/images/hvm-ssd/ubuntu-xenial-16.04-amd64-server-20210928",
            "image_owner_alias": null,
            "image_type": "machine",
            "kernel_id": null,
            "most_recent": true,
            "name": "ubuntu/images/hvm-ssd/ubuntu-xenial-16.04-amd64-server-20210928",
            "name_regex": null,
            "owner_id": "099720109477",
            "owners": [
              "099720109477"
            ],
            "platform": null,
            "platform_details": "Linux/UNIX",
            "product_codes": [],
            "public": true,
            "ramdisk_id": null,
            "root_device_name": "/dev/sda1",
            "root_device_type": "ebs",
            "root_snapshot_id": "snap-0b0d53d2a20808560",
            "sriov_net_support": "simple",
            "state": "available",
            "state_reason": {
              "code": "UNSET",
              "message": "UNSET"
            },
            "tags": {},
            "usage_operation": "RunInstances",
            "virtualization_type": "hvm"
          },
          "sensitive_attributes": []
        }
      ]
    },
    {
      "mode": "managed",
      "type": "aws_eip",
      "name": "elastic_ip",
      "provider": "provider[\"registry.terraform.io/hashicorp/aws\"]",
      "instances": [
        {
          "schema_version": 0,
          "attributes": {
            "address": null,
            "allocation_id": "eipalloc-0134d8cc5aa696ceb",
            "associate_with_private_ip": null,
            "association_id": "",
            "carrier_ip": "",
            "customer_owned_ip": "",
            "customer_owned_ipv4_pool": "",
            "domain": "vpc",
            "id": "eipalloc-0134d8cc5aa696ceb",
            "instance": "",
            "network_border_group": "us-west-1",
            "network_interface": "",
            "private_dns": null,
            "private_ip": "",
            "public_dns": "ec2-52-52-202-65.us-west-1.compute.amazonaws.com",
            "public_ip": "52.52.202.65",
            "public_ipv4_pool": "amazon",
            "tags": null,
            "tags_all": {},
            "timeouts": null,
            "vpc": true
          },
          "sensitive_attributes": [],
          "private": "eyJlMmJmYjczMC1lY2FhLTExZTYtOGY4OC0zNDM2M2JjN2M0YzAiOnsiZGVsZXRlIjoxODAwMDAwMDAwMDAsInJlYWQiOjkwMDAwMDAwMDAwMCwidXBkYXRlIjozMDAwMDAwMDAwMDB9fQ=="
        }
      ]
    },
    {
      "mode": "managed",
      "type": "aws_instance",
      "name": "amazon_linux",
      "provider": "provider[\"registry.terraform.io/hashicorp/aws\"]",
      "instances": [
        {
          "schema_version": 1,
          "attributes": {
            "ami": "ami-05a9cfd70c2380141",
            "arn": "arn:aws:ec2:us-west-1:485341481833:instance/i-0dc7439ba0e04169c",
            "associate_public_ip_address": false,
            "availability_zone": "us-west-1a",
            "capacity_reservation_specification": [
              {
                "capacity_reservation_preference": "open",
                "capacity_reservation_target": []
              }
            ],
            "cpu_core_count": 1,
            "cpu_threads_per_core": 1,
            "credit_specification": [
              {
                "cpu_credits": "standard"
              }
            ],
            "disable_api_termination": false,
            "ebs_block_device": [],
            "ebs_optimized": false,
            "enclave_options": [
              {
                "enabled": false
              }
            ],
            "ephemeral_block_device": [],
            "get_password_data": false,
            "hibernation": false,
            "host_id": null,
            "iam_instance_profile": "",
            "id": "i-0dc7439ba0e04169c",
            "instance_initiated_shutdown_behavior": "stop",
            "instance_state": "running",
            "instance_type": "t2.micro",
            "ipv6_address_count": 0,
            "ipv6_addresses": [],
            "key_name": "my_key",
            "launch_template": [],
            "metadata_options": [
              {
                "http_endpoint": "enabled",
                "http_put_response_hop_limit": 1,
                "http_tokens": "optional",
                "instance_metadata_tags": "disabled"
              }
            ],
            "monitoring": false,
            "network_interface": [],
            "outpost_arn": "",
            "password_data": "",
            "placement_group": "",
            "placement_partition_number": null,
            "primary_network_interface_id": "eni-064c3aab52f6d398b",
            "private_dns": "ip-192-168-1-29.us-west-1.compute.internal",
            "private_ip": "192.168.1.29",
            "public_dns": "",
            "public_ip": "",
            "root_block_device": [
              {
                "delete_on_termination": true,
                "device_name": "/dev/xvda",
                "encrypted": false,
                "iops": 0,
                "kms_key_id": "",
                "tags": {},
                "throughput": 0,
                "volume_id": "vol-087af3271696dd46c",
                "volume_size": 8,
                "volume_type": "standard"
              }
            ],
            "secondary_private_ips": [],
            "security_groups": [],
            "source_dest_check": true,
            "subnet_id": "subnet-05e85f1c901918cfa",
            "tags": {
              "Name": "Amazon Linux 2"
            },
            "tags_all": {
              "Name": "Amazon Linux 2"
            },
            "tenancy": "default",
            "timeouts": null,
            "user_data": null,
            "user_data_base64": null,
            "volume_tags": null,
            "vpc_security_group_ids": [
              "sg-09387c3335ba065d1"
            ]
          },
          "sensitive_attributes": [],
          "private": "eyJlMmJmYjczMC1lY2FhLTExZTYtOGY4OC0zNDM2M2JjN2M0YzAiOnsiY3JlYXRlIjo2MDAwMDAwMDAwMDAsImRlbGV0ZSI6MTIwMDAwMDAwMDAwMCwidXBkYXRlIjo2MDAwMDAwMDAwMDB9LCJzY2hlbWFfdmVyc2lvbiI6IjEifQ==",
          "dependencies": [
            "aws_eip.elastic_ip",
            "aws_nat_gateway.nat_gateway",
            "aws_route_table.NAT_route_table",
            "aws_route_table_association.associate_routetable_to_private_subnet",
            "aws_security_group.sg_amazon_linux",
            "aws_security_group.sg_ubuntu_host",
            "aws_subnet.private_subnet",
            "aws_subnet.public_subnet",
            "aws_vpc.vpc",
            "data.aws_ami.amazon"
          ]
        }
      ]
    },
    {
      "mode": "managed",
      "type": "aws_instance",
      "name": "ubuntu_host",
      "provider": "provider[\"registry.terraform.io/hashicorp/aws\"]",
      "instances": [
        {
          "schema_version": 1,
          "attributes": {
            "ami": "ami-0454207e5367abf01",
            "arn": "arn:aws:ec2:us-west-1:485341481833:instance/i-0dcbb0d33eb0ed2fc",
            "associate_public_ip_address": true,
            "availability_zone": "us-west-1b",
            "capacity_reservation_specification": [
              {
                "capacity_reservation_preference": "open",
                "capacity_reservation_target": []
              }
            ],
            "cpu_core_count": 1,
            "cpu_threads_per_core": 1,
            "credit_specification": [
              {
                "cpu_credits": "standard"
              }
            ],
            "disable_api_termination": false,
            "ebs_block_device": [],
            "ebs_optimized": false,
            "enclave_options": [
              {
                "enabled": false
              }
            ],
            "ephemeral_block_device": [],
            "get_password_data": false,
            "hibernation": false,
            "host_id": null,
            "iam_instance_profile": "",
            "id": "i-0dcbb0d33eb0ed2fc",
            "instance_initiated_shutdown_behavior": "stop",
            "instance_state": "running",
            "instance_type": "t2.micro",
            "ipv6_address_count": 0,
            "ipv6_addresses": [],
            "key_name": "my_key",
            "launch_template": [],
            "metadata_options": [
              {
                "http_endpoint": "enabled",
                "http_put_response_hop_limit": 1,
                "http_tokens": "optional",
                "instance_metadata_tags": "disabled"
              }
            ],
            "monitoring": false,
            "network_interface": [],
            "outpost_arn": "",
            "password_data": "",
            "placement_group": "",
            "placement_partition_number": null,
            "primary_network_interface_id": "eni-06f4bdabc4cb73bf6",
            "private_dns": "ip-192-168-0-175.us-west-1.compute.internal",
            "private_ip": "192.168.0.175",
            "public_dns": "ec2-54-153-91-58.us-west-1.compute.amazonaws.com",
            "public_ip": "54.153.91.58",
            "root_block_device": [
              {
                "delete_on_termination": true,
                "device_name": "/dev/sda1",
                "encrypted": false,
                "iops": 100,
                "kms_key_id": "",
                "tags": {},
                "throughput": 0,
                "volume_id": "vol-032dcb6ee00ad01f1",
                "volume_size": 8,
                "volume_type": "gp2"
              }
            ],
            "secondary_private_ips": [],
            "security_groups": [],
            "source_dest_check": true,
            "subnet_id": "subnet-0878ab2bc27fbdffd",
            "tags": {
              "Name": "Ubuntu"
            },
            "tags_all": {
              "Name": "Ubuntu"
            },
            "tenancy": "default",
            "timeouts": null,
            "user_data": "fa24a9caa7f00244f13edf94c94c8ee185fae2fc",
            "user_data_base64": null,
            "volume_tags": null,
            "vpc_security_group_ids": [
              "sg-046bdf0b24481de6b"
            ]
          },
          "sensitive_attributes": [],
          "private": "eyJlMmJmYjczMC1lY2FhLTExZTYtOGY4OC0zNDM2M2JjN2M0YzAiOnsiY3JlYXRlIjo2MDAwMDAwMDAwMDAsImRlbGV0ZSI6MTIwMDAwMDAwMDAwMCwidXBkYXRlIjo2MDAwMDAwMDAwMDB9LCJzY2hlbWFfdmVyc2lvbiI6IjEifQ==",
          "dependencies": [
            "aws_security_group.sg_ubuntu_host",
            "aws_subnet.public_subnet",
            "aws_vpc.vpc",
            "data.aws_ami.ubuntu",
            "tls_private_key.private_key"
          ]
        }
      ]
    },
    {
      "mode": "managed",
      "type": "aws_internet_gateway",
      "name": "internet_gateway",
      "provider": "provider[\"registry.terraform.io/hashicorp/aws\"]",
      "instances": [
        {
          "schema_version": 0,
          "attributes": {
            "arn": "arn:aws:ec2:us-west-1:485341481833:internet-gateway/igw-0e230f73cfac70f77",
            "id": "igw-0e230f73cfac70f77",
            "owner_id": "485341481833",
            "tags": {
              "Name": "internet-gateway-terraform"
            },
            "tags_all": {
              "Name": "internet-gateway-terraform"
            },
            "vpc_id": "vpc-0819f397d7353d390"
          },
          "sensitive_attributes": [],
          "private": "bnVsbA==",
          "dependencies": [
            "aws_vpc.vpc"
          ]
        }
      ]
    },
    {
      "mode": "managed",
      "type": "aws_key_pair",
      "name": "key_pair",
      "provider": "provider[\"registry.terraform.io/hashicorp/aws\"]",
      "instances": [
        {
          "schema_version": 1,
          "attributes": {
            "arn": "arn:aws:ec2:us-west-1:485341481833:key-pair/my_key",
            "fingerprint": "93:66:2c:4d:21:30:d3:25:ed:fa:ab:64:48:f6:9b:e0",
            "id": "my_key",
            "key_name": "my_key",
            "key_name_prefix": "",
            "key_pair_id": "key-0715aa43f0955cf56",
            "public_key": "ssh-rsa AAAAB3NzaC1yc2EAAAADAQABAAACAQDBJrtHn4x/7EyMEKj4xWkYUqARytCYGe9pG3i7+YxHgnMuvgGN+yHrIK4u0TljLF8KGE+ACTnn6RYmhCQdVfq9cdZ2BIvjbC2ZPBOOlNa5fl6mYMiIa8ZeQmiRHxkORfKUCNz12uAtJ/W8CKO/aa+Aq3rZ8dJQY0TV2ZmmmrF4Cb5KBDPu1I18ukT5UQ7T8Ypf1OjEJgO0fgn/3a3R3zEIXZW81R74SLUp6U1xxFeO7ejNjfmGnCSrqTf/9Z9+2yzXA1pKQs+cxexZRPoUh2ZqIDiOhicNW9u65TC0EMymVQBitKOwcXWWTBp3paF0Q/SAJHAu5PV3q2QJBJNA0poVSUpi8NJoI/DB014qzS2k0QnnJ3al14PRXl5eKUP102r/PwImfuMp+MyTba5NAsXt2XiPCMRIIzggdsS3pbvqn2OxoCR4FCYr648L3m3l735syOSH2HogplCDf9OwMfelUb+oJho5uJetK42e7RmOWSggZ/RysFBnxVgIEiqYIDjWesuDgctKYokJ8QAVFzXgSlzgX3v9fCWzmOpTdM2NMM+BQQ5IStloZbh/kDBRy+lLZlTolF32ZwdmZgEE60n7awKmE8d3mP3YlxmdSvItzCkoOW1WncOjPVQqS/dvkwE7BWFShnOy5S0cAq/llfpzt9vW/cfAdKRsznwJpLJfCQ==",
            "tags": null,
            "tags_all": {}
          },
          "sensitive_attributes": [],
          "private": "eyJzY2hlbWFfdmVyc2lvbiI6IjEifQ==",
          "dependencies": [
            "tls_private_key.private_key"
          ]
        }
      ]
    },
    {
      "mode": "managed",
      "type": "aws_nat_gateway",
      "name": "nat_gateway",
      "provider": "provider[\"registry.terraform.io/hashicorp/aws\"]",
      "instances": [
        {
          "schema_version": 0,
          "attributes": {
            "allocation_id": "eipalloc-0134d8cc5aa696ceb",
            "connectivity_type": "public",
            "id": "nat-0469e9ea31519ca41",
            "network_interface_id": "eni-071b4f73896ad116c",
            "private_ip": "192.168.0.163",
            "public_ip": "52.52.202.65",
            "subnet_id": "subnet-0878ab2bc27fbdffd",
            "tags": {
              "Name": "nat-gateway"
            },
            "tags_all": {
              "Name": "nat-gateway"
            }
          },
          "sensitive_attributes": [],
          "private": "bnVsbA==",
          "dependencies": [
            "aws_eip.elastic_ip",
            "aws_subnet.public_subnet",
            "aws_vpc.vpc"
          ]
        }
      ]
    },
    {
      "mode": "managed",
      "type": "aws_route_table",
      "name": "IG_route_table",
      "provider": "provider[\"registry.terraform.io/hashicorp/aws\"]",
      "instances": [
        {
          "schema_version": 0,
          "attributes": {
            "arn": "arn:aws:ec2:us-west-1:485341481833:route-table/rtb-07a813c7cdccd7fba",
            "id": "rtb-07a813c7cdccd7fba",
            "owner_id": "485341481833",
            "propagating_vgws": [],
            "route": [
              {
                "carrier_gateway_id": "",
                "cidr_block": "0.0.0.0/0",
                "destination_prefix_list_id": "",
                "egress_only_gateway_id": "",
                "gateway_id": "igw-0e230f73cfac70f77",
                "instance_id": "",
                "ipv6_cidr_block": "",
                "local_gateway_id": "",
                "nat_gateway_id": "",
                "network_interface_id": "",
                "transit_gateway_id": "",
                "vpc_endpoint_id": "",
                "vpc_peering_connection_id": ""
              }
            ],
            "tags": {
              "Name": "IG-route-table"
            },
            "tags_all": {
              "Name": "IG-route-table"
            },
            "timeouts": null,
            "vpc_id": "vpc-0819f397d7353d390"
          },
          "sensitive_attributes": [],
          "private": "eyJlMmJmYjczMC1lY2FhLTExZTYtOGY4OC0zNDM2M2JjN2M0YzAiOnsiY3JlYXRlIjozMDAwMDAwMDAwMDAsImRlbGV0ZSI6MzAwMDAwMDAwMDAwLCJ1cGRhdGUiOjEyMDAwMDAwMDAwMH19",
          "dependencies": [
            "aws_internet_gateway.internet_gateway",
            "aws_vpc.vpc"
          ]
        }
      ]
    },
    {
      "mode": "managed",
      "type": "aws_route_table",
      "name": "NAT_route_table",
      "provider": "provider[\"registry.terraform.io/hashicorp/aws\"]",
      "instances": [
        {
          "schema_version": 0,
          "attributes": {
            "arn": "arn:aws:ec2:us-west-1:485341481833:route-table/rtb-0fb3930582bc3acf2",
            "id": "rtb-0fb3930582bc3acf2",
            "owner_id": "485341481833",
            "propagating_vgws": [],
            "route": [
              {
                "carrier_gateway_id": "",
                "cidr_block": "0.0.0.0/0",
                "destination_prefix_list_id": "",
                "egress_only_gateway_id": "",
                "gateway_id": "nat-0469e9ea31519ca41",
                "instance_id": "",
                "ipv6_cidr_block": "",
                "local_gateway_id": "",
                "nat_gateway_id": "",
                "network_interface_id": "",
                "transit_gateway_id": "",
                "vpc_endpoint_id": "",
                "vpc_peering_connection_id": ""
              }
            ],
            "tags": {
              "Name": "NAT-route-table"
            },
            "tags_all": {
              "Name": "NAT-route-table"
            },
            "timeouts": null,
            "vpc_id": "vpc-0819f397d7353d390"
          },
          "sensitive_attributes": [],
          "private": "eyJlMmJmYjczMC1lY2FhLTExZTYtOGY4OC0zNDM2M2JjN2M0YzAiOnsiY3JlYXRlIjozMDAwMDAwMDAwMDAsImRlbGV0ZSI6MzAwMDAwMDAwMDAwLCJ1cGRhdGUiOjEyMDAwMDAwMDAwMH19",
          "dependencies": [
            "aws_eip.elastic_ip",
            "aws_nat_gateway.nat_gateway",
            "aws_subnet.public_subnet",
            "aws_vpc.vpc"
          ]
        }
      ]
    },
    {
      "mode": "managed",
      "type": "aws_route_table_association",
      "name": "associate_routetable_to_private_subnet",
      "provider": "provider[\"registry.terraform.io/hashicorp/aws\"]",
      "instances": [
        {
          "schema_version": 0,
          "attributes": {
            "gateway_id": "",
            "id": "rtbassoc-0f76c4d82b7c9e44e",
            "route_table_id": "rtb-0fb3930582bc3acf2",
            "subnet_id": "subnet-05e85f1c901918cfa"
          },
          "sensitive_attributes": [],
          "private": "bnVsbA==",
          "dependencies": [
            "aws_eip.elastic_ip",
            "aws_nat_gateway.nat_gateway",
            "aws_route_table.NAT_route_table",
            "aws_subnet.private_subnet",
            "aws_subnet.public_subnet",
            "aws_vpc.vpc"
          ]
        }
      ]
    },
    {
      "mode": "managed",
      "type": "aws_route_table_association",
      "name": "associate_routetable_to_public_subnet",
      "provider": "provider[\"registry.terraform.io/hashicorp/aws\"]",
      "instances": [
        {
          "schema_version": 0,
          "attributes": {
            "gateway_id": "",
            "id": "rtbassoc-0909af6fd0e5ef281",
            "route_table_id": "rtb-07a813c7cdccd7fba",
            "subnet_id": "subnet-0878ab2bc27fbdffd"
          },
          "sensitive_attributes": [],
          "private": "bnVsbA==",
          "dependencies": [
            "aws_internet_gateway.internet_gateway",
            "aws_route_table.IG_route_table",
            "aws_subnet.public_subnet",
            "aws_vpc.vpc"
          ]
        }
      ]
    },
    {
      "mode": "managed",
      "type": "aws_security_group",
      "name": "sg_amazon_linux",
      "provider": "provider[\"registry.terraform.io/hashicorp/aws\"]",
      "instances": [
        {
          "schema_version": 1,
          "attributes": {
            "arn": "arn:aws:ec2:us-west-1:485341481833:security-group/sg-09387c3335ba065d1",
            "description": "allow amazon linux inbound traffic",
            "egress": [
              {
                "cidr_blocks": [
                  "0.0.0.0/0"
                ],
                "description": "allow ICMP",
                "from_port": 0,
                "ipv6_cidr_blocks": [],
                "prefix_list_ids": [],
                "protocol": "icmp",
                "security_groups": [],
                "self": false,
                "to_port": 0
              },
              {
                "cidr_blocks": [],
                "description": "allow HTTP",
                "from_port": 80,
                "ipv6_cidr_blocks": [],
                "prefix_list_ids": [],
                "protocol": "tcp",
                "security_groups": [
                  "sg-046bdf0b24481de6b"
                ],
                "self": false,
                "to_port": 80
              },
              {
                "cidr_blocks": [],
                "description": "allow HTTPS",
                "from_port": 443,
                "ipv6_cidr_blocks": [],
                "prefix_list_ids": [],
                "protocol": "tcp",
                "security_groups": [
                  "sg-046bdf0b24481de6b"
                ],
                "self": false,
                "to_port": 443
              },
              {
                "cidr_blocks": [],
                "description": "allow SSH",
                "from_port": 22,
                "ipv6_cidr_blocks": [],
                "prefix_list_ids": [],
                "protocol": "tcp",
                "security_groups": [
                  "sg-046bdf0b24481de6b"
                ],
                "self": false,
                "to_port": 22
              }
            ],
            "id": "sg-09387c3335ba065d1",
            "ingress": [
              {
                "cidr_blocks": [
                  "0.0.0.0/0"
                ],
                "description": "allow ICMP",
                "from_port": 0,
                "ipv6_cidr_blocks": [],
                "prefix_list_ids": [],
                "protocol": "icmp",
                "security_groups": [],
                "self": false,
                "to_port": 0
              },
              {
                "cidr_blocks": [],
                "description": "allow HTTP",
                "from_port": 80,
                "ipv6_cidr_blocks": [],
                "prefix_list_ids": [],
                "protocol": "tcp",
                "security_groups": [
                  "sg-046bdf0b24481de6b"
                ],
                "self": false,
                "to_port": 80
              },
              {
                "cidr_blocks": [],
                "description": "allow HTTPS",
                "from_port": 443,
                "ipv6_cidr_blocks": [],
                "prefix_list_ids": [],
                "protocol": "tcp",
                "security_groups": [
                  "sg-046bdf0b24481de6b"
                ],
                "self": false,
                "to_port": 443
              },
              {
                "cidr_blocks": [],
                "description": "allow SSH",
                "from_port": 22,
                "ipv6_cidr_blocks": [],
                "prefix_list_ids": [],
                "protocol": "tcp",
                "security_groups": [
                  "sg-046bdf0b24481de6b"
                ],
                "self": false,
                "to_port": 22
              }
            ],
            "name": "sg amazon linux",
            "name_prefix": "",
            "owner_id": "485341481833",
            "revoke_rules_on_delete": false,
            "tags": null,
            "tags_all": {},
            "timeouts": null,
            "vpc_id": "vpc-0819f397d7353d390"
          },
          "sensitive_attributes": [],
          "private": "eyJlMmJmYjczMC1lY2FhLTExZTYtOGY4OC0zNDM2M2JjN2M0YzAiOnsiY3JlYXRlIjo2MDAwMDAwMDAwMDAsImRlbGV0ZSI6OTAwMDAwMDAwMDAwfSwic2NoZW1hX3ZlcnNpb24iOiIxIn0=",
          "dependencies": [
            "aws_security_group.sg_ubuntu_host",
            "aws_vpc.vpc"
          ]
        }
      ]
    },
    {
      "mode": "managed",
      "type": "aws_security_group",
      "name": "sg_ubuntu_host",
      "provider": "provider[\"registry.terraform.io/hashicorp/aws\"]",
      "instances": [
        {
          "schema_version": 1,
          "attributes": {
            "arn": "arn:aws:ec2:us-west-1:485341481833:security-group/sg-046bdf0b24481de6b",
            "description": "ubuntu host security group",
            "egress": [
              {
                "cidr_blocks": [
                  "0.0.0.0/0"
                ],
                "description": "",
                "from_port": 0,
                "ipv6_cidr_blocks": [],
                "prefix_list_ids": [],
                "protocol": "-1",
                "security_groups": [],
                "self": false,
                "to_port": 0
              }
            ],
            "id": "sg-046bdf0b24481de6b",
            "ingress": [
              {
                "cidr_blocks": [
                  "0.0.0.0/0"
                ],
                "description": "allow HTTP",
                "from_port": 80,
                "ipv6_cidr_blocks": [],
                "prefix_list_ids": [],
                "protocol": "tcp",
                "security_groups": [],
                "self": false,
                "to_port": 80
              },
              {
                "cidr_blocks": [
                  "0.0.0.0/0"
                ],
                "description": "allow HTTPS",
                "from_port": 443,
                "ipv6_cidr_blocks": [],
                "prefix_list_ids": [],
                "protocol": "tcp",
                "security_groups": [],
                "self": false,
                "to_port": 443
              },
              {
                "cidr_blocks": [
                  "0.0.0.0/0"
                ],
                "description": "allow ICMP",
                "from_port": 0,
                "ipv6_cidr_blocks": [],
                "prefix_list_ids": [],
                "protocol": "icmp",
                "security_groups": [],
                "self": false,
                "to_port": 0
              },
              {
                "cidr_blocks": [
                  "0.0.0.0/0"
                ],
                "description": "allow SSH",
                "from_port": 22,
                "ipv6_cidr_blocks": [],
                "prefix_list_ids": [],
                "protocol": "tcp",
                "security_groups": [],
                "self": false,
                "to_port": 22
              }
            ],
            "name": "sg ubuntu host",
            "name_prefix": "",
            "owner_id": "485341481833",
            "revoke_rules_on_delete": false,
            "tags": null,
            "tags_all": {},
            "timeouts": null,
            "vpc_id": "vpc-0819f397d7353d390"
          },
          "sensitive_attributes": [],
          "private": "eyJlMmJmYjczMC1lY2FhLTExZTYtOGY4OC0zNDM2M2JjN2M0YzAiOnsiY3JlYXRlIjo2MDAwMDAwMDAwMDAsImRlbGV0ZSI6OTAwMDAwMDAwMDAwfSwic2NoZW1hX3ZlcnNpb24iOiIxIn0=",
          "dependencies": [
            "aws_vpc.vpc"
          ]
        }
      ]
    },
    {
      "mode": "managed",
      "type": "aws_subnet",
      "name": "private_subnet",
      "provider": "provider[\"registry.terraform.io/hashicorp/aws\"]",
      "instances": [
        {
          "schema_version": 1,
          "attributes": {
            "arn": "arn:aws:ec2:us-west-1:485341481833:subnet/subnet-05e85f1c901918cfa",
            "assign_ipv6_address_on_creation": false,
            "availability_zone": "us-west-1a",
            "availability_zone_id": "usw1-az3",
            "cidr_block": "192.168.1.0/24",
            "customer_owned_ipv4_pool": "",
            "enable_dns64": false,
            "enable_resource_name_dns_a_record_on_launch": false,
            "enable_resource_name_dns_aaaa_record_on_launch": false,
            "id": "subnet-05e85f1c901918cfa",
            "ipv6_cidr_block": "",
            "ipv6_cidr_block_association_id": "",
            "ipv6_native": false,
            "map_customer_owned_ip_on_launch": false,
            "map_public_ip_on_launch": false,
            "outpost_arn": "",
            "owner_id": "485341481833",
            "private_dns_hostname_type_on_launch": "ip-name",
            "tags": {
              "Name": "private-subnet-terraform"
            },
            "tags_all": {
              "Name": "private-subnet-terraform"
            },
            "timeouts": null,
            "vpc_id": "vpc-0819f397d7353d390"
          },
          "sensitive_attributes": [],
          "private": "eyJlMmJmYjczMC1lY2FhLTExZTYtOGY4OC0zNDM2M2JjN2M0YzAiOnsiY3JlYXRlIjo2MDAwMDAwMDAwMDAsImRlbGV0ZSI6MTIwMDAwMDAwMDAwMH0sInNjaGVtYV92ZXJzaW9uIjoiMSJ9",
          "dependencies": [
            "aws_vpc.vpc"
          ]
        }
      ]
    },
    {
      "mode": "managed",
      "type": "aws_subnet",
      "name": "public_subnet",
      "provider": "provider[\"registry.terraform.io/hashicorp/aws\"]",
      "instances": [
        {
          "schema_version": 1,
          "attributes": {
            "arn": "arn:aws:ec2:us-west-1:485341481833:subnet/subnet-0878ab2bc27fbdffd",
            "assign_ipv6_address_on_creation": false,
            "availability_zone": "us-west-1b",
            "availability_zone_id": "usw1-az1",
            "cidr_block": "192.168.0.0/24",
            "customer_owned_ipv4_pool": "",
            "enable_dns64": false,
            "enable_resource_name_dns_a_record_on_launch": false,
            "enable_resource_name_dns_aaaa_record_on_launch": false,
            "id": "subnet-0878ab2bc27fbdffd",
            "ipv6_cidr_block": "",
            "ipv6_cidr_block_association_id": "",
            "ipv6_native": false,
            "map_customer_owned_ip_on_launch": false,
            "map_public_ip_on_launch": true,
            "outpost_arn": "",
            "owner_id": "485341481833",
            "private_dns_hostname_type_on_launch": "ip-name",
            "tags": {
              "Name": "public-subnet-terraform"
            },
            "tags_all": {
              "Name": "public-subnet-terraform"
            },
            "timeouts": null,
            "vpc_id": "vpc-0819f397d7353d390"
          },
          "sensitive_attributes": [],
          "private": "eyJlMmJmYjczMC1lY2FhLTExZTYtOGY4OC0zNDM2M2JjN2M0YzAiOnsiY3JlYXRlIjo2MDAwMDAwMDAwMDAsImRlbGV0ZSI6MTIwMDAwMDAwMDAwMH0sInNjaGVtYV92ZXJzaW9uIjoiMSJ9",
          "dependencies": [
            "aws_vpc.vpc"
          ]
        }
      ]
    },
    {
      "mode": "managed",
      "type": "aws_vpc",
      "name": "vpc",
      "provider": "provider[\"registry.terraform.io/hashicorp/aws\"]",
      "instances": [
        {
          "schema_version": 1,
          "attributes": {
            "arn": "arn:aws:ec2:us-west-1:485341481833:vpc/vpc-0819f397d7353d390",
            "assign_generated_ipv6_cidr_block": false,
            "cidr_block": "192.168.0.0/16",
            "default_network_acl_id": "acl-0ce291faf9c8cf256",
            "default_route_table_id": "rtb-00b92cfe7eb61d2b6",
            "default_security_group_id": "sg-0da04f91de13f814d",
            "dhcp_options_id": "dopt-0169fd985b7daee53",
            "enable_classiclink": false,
            "enable_classiclink_dns_support": false,
            "enable_dns_hostnames": true,
            "enable_dns_support": true,
            "id": "vpc-0819f397d7353d390",
            "instance_tenancy": "default",
            "ipv4_ipam_pool_id": null,
            "ipv4_netmask_length": null,
            "ipv6_association_id": "",
            "ipv6_cidr_block": "",
            "ipv6_cidr_block_network_border_group": "",
            "ipv6_ipam_pool_id": "",
            "ipv6_netmask_length": 0,
            "main_route_table_id": "rtb-00b92cfe7eb61d2b6",
            "owner_id": "485341481833",
            "tags": {
              "Name": "my-vpc-terraform"
            },
            "tags_all": {
              "Name": "my-vpc-terraform"
            }
          },
          "sensitive_attributes": [],
          "private": "eyJzY2hlbWFfdmVyc2lvbiI6IjEifQ=="
        }
      ]
    },
    {
      "mode": "managed",
      "type": "local_file",
      "name": "saveKey",
      "provider": "provider[\"registry.terraform.io/hashicorp/local\"]",
      "instances": [
        {
          "schema_version": 0,
          "attributes": {
            "content": "-----BEGIN RSA PRIVATE KEY-----\nMIIJKAIBAAKCAgEAwSa7R5+Mf+xMjBCo+MVpGFKgEcrQmBnvaRt4u/mMR4JzLr4B\njfsh6yCuLtE5YyxfChhPgAk55+kWJoQkHVX6vXHWdgSL42wtmTwTjpTWuX5epmDI\niGvGXkJokR8ZDkXylAjc9drgLSf1vAijv2mvgKt62fHSUGNE1dmZppqxeAm+SgQz\n7tSNfLpE+VEO0/GKX9ToxCYDtH4J/92t0d8xCF2VvNUe+Ei1KelNccRXju3ozY35\nhpwkq6k3//Wfftss1wNaSkLPnMXsWUT6FIdmaiA4joYnDVvbuuUwtBDMplUAYrSj\nsHF1lkwad6WhdEP0gCRwLuT1d6tkCQSTQNKaFUlKYvDSaCPwwdNeKs0tpNEJ5yd2\npdeD0V5eXilD9dNq/z8CJn7jKfjMk22uTQLF7dl4jwjESCM4IHbEt6W76p9jsaAk\neBQmK+uPC95t5e9+bMjkh9h6IKZQg3/TsDH3pVG/qCYaObiXrSuNnu0ZjlkoIGf0\ncrBQZ8VYCBIqmCA41nrLg4HLSmKJCfEAFRc14Epc4F97/Xwls5jqU3TNjTDPgUEO\nSErZaGW4f5AwUcvpS2ZU6JRd9mcHZmYBBOtJ+2sCphPHd5j92JcZnUryLcwpKDlt\nVp3Doz1UKkv3b5MBOwVhUoZzsuUtHAKv5ZX6c7fb1v3HwHSkbM58CaSyXwkCAwEA\nAQKCAgBKLykQ+juJSmWgCioL2i5iNCHck4wITzW/pdh6Qf9Z28WHd1y7fm/pkdS0\nkJE9AObDxtCJ+YEvDDwAsRH53nL+XgGjtF1SDNN6njNYuNu7xMhvmI6MrvAydckZ\nq9sAu2bO6pSLLPSbA1UDUkIqG1pXzgTSPmmrjGT8yaWU8qck1oEqhnC30xVAiX5C\nT5qlVojyA6Ee7QbRRPNsPWUsTU/UybTgIO7TJ4HFRiEDiAilEcUvZc8nn0MKV2T1\nvw3yOBYBwvzjtsNskCwVoUN3rQVtz1BJlUbcf6JmJu7MygMAA3excXXJJ9qkzjgA\nKjJXqF349YXMzQ1mWAKE4Cf6Zqjcx0fQh6LSEXgqdNnLW+wcf3AiDyJ4ehOJ3vqV\nWUSjEuL4hQG6yiOtCA7AAsMSeWGNRApZtW1KEj+mUM+6l/lps+S+Wg4x914JuZFh\nLimzsHPH2SDY+Ao81ebox/ligxNLrCvAaDKGEqYIZ1O8NqmJpZ5fS8sV76oiG6mZ\nhXLJX32dV80yNHnSqgpg5W/f0cOJJQcVr0aN2tF2f7d9raOMzdBh+w0Nyk28lN/G\nHdP8xKlIw/8JFVadKzCJHof8d3YfDmxhdcteAf0ITOr6Za9Mc9UNPsjS1bOGNwvI\nUhBT6QTo7ra1oIM7TOySE9xyTsPr1LfPFQzXX5JwegE0abuUgQKCAQEA35t+OV/j\nbMLgz8lopYxlW6E0BWqAv/+J3fWipxPywVDQAdnJ5Oxl30kazGhtoRuxyH+AFmxf\nk447k8f4ysgMGUgcx9ToCz93auy4qhjIkrbx7s6/EC+pCxJRIQbAlfuByl70+qXr\nw582CW5GhKx0HcvEznsX/XLO+wA701VJTlzvSZQJjW4kE4CojqTW4T3aHu0YQ3V+\n/of868wLhbz9K0D1VqiWvYx7XtMjJsnpmahHLJPXN5IpDCU7YmT/Vg4pms25tAC6\noWy8MjejJIrq/jncVD0Ib89Zw70ys8qByt6ICxwFd60LIcvTmYDX4obeZBCrGBdD\nFnS73syANMOhUQKCAQEA3SHFOW6dsPE+W6onpgC+dh/qQQgHofoS5RTk7I9tcriQ\nh41GXCnkG9Wq/7mUR0W+gZqrTIuEsTVlbRS7xDi8jS6L+ne8UkAU+RoQaN/Hp5P2\nrYgRiFuBAzz9XPp0MlOD+wBHPdp0H/MisdblVeiJssBVhBJSBAPKBHMahEDkfsbf\nUOwx3BObFkgB3Yhq33Sc48iaXo7T07c6XHeDKkZPDzeCkyJywY0Czkif4FJlTSJG\n8NgnZeQ8j3+Fl1/nhlaSnm2dUUud7FvOAtOk0DZHXAVQjhQGePzxYg4rzQO1VRRJ\nwhUrybheJeRj0NiAXDzZorhJeWpudC/VQrM0Qq80OQKCAQEAxhGyaZgql/i3stcx\nvxLx5YyRzApfKbNtqBMhlOXyrpKq7jjAwes1Aeh7uHz4PzGM9ZEbIMG2l7nxxCHq\nm5VAQlTCSbCqKux5F1nA6csyP+OVwneYfvn4vznma17T0QcMHPqn/i5i/NFWyFvK\nU1N/N7V8C3q18Wd1OJkoZTayzJs9yus62vCpPC1HIbOaM8LaJ3LVf0vgxg4nV6dS\nvZB+oYXUzIJhpF2AGqrkBEPujJGnGjGK/kqV2ZBRXgMgulWpPNrmmC/dIYhz2/e0\np3X2WmNea6/0fTYqyVwaQXAsMEuWLmEP5sZ9id5G/T5H/PyCmhi5tYlFf+q/T8fN\n+O8hQQKCAQAB/aHW6IYG58UV8iw1NGCCk7r6JuZasPOmmE+PSaNEmyDB96WggsgI\n8B1/+9233oreg9Py9naVWdO17a/bDl+0La0Y7icF3onRzEhFiW40tgJMgaMWxSwe\nKVhmk+Kj6ViQ0+nQRr0w5HF1hGfAJD3JHC4o6DlQy+/vplGgyyzDb2rnQZkZUBvf\nUXqi0e2UYWpgKpgpLcP+bfHaj0DhCoz/qBJG3NKHp4tU7BZ0YImE7kARPwDry+g3\nqoA7YqOk8/aR8o6uAq5DSHhMUjdzoGl4DJwzCz8bq7tIlLQUPmpNf8dCNgqU4FII\nqUu0v544NlwHOP2AWFLyPNQAq7hWuVkRAoIBADQ8/yVFmFBvT5fyMck+rcGosHLz\nFuuYG541QlNSEuHal57K9MoIMQYKtbvJbAP3XUxq9oRj95TfwkeMN4751kcRoZqm\nkAr2L3dNyQVVoDR5m2sudpeam7Rc2ozpjI+w4JysnkyfRW+8DQYcSu995YsnBPdU\nb0kXh8kz3+2sF2a39P5TFYEG8pyh0pDgOWe++hZmJfwFyGJUZTZB59RPP1ovMK4o\nxnf53jSdfn9gi2ZvTabUuTdVltBMT91y/i6gMUv89eZBISKZ8xkDohrEd2llaSl6\nqlW4QCgnSHPnmyT8lg5XrJH1K4WKs5xpKLXWKO+BezROHOihJZHl1AgtfyY=\n-----END RSA PRIVATE KEY-----\n",
            "content_base64": null,
            "directory_permission": "0777",
            "file_permission": "0777",
            "filename": "C:/Users/ahmad/OneDrive/Desktop/Exadel/Exadel_Internship/Task3-IaC/Terraform/my_key.pem",
            "id": "e9ddc1e7f179fd3eb9af8b119e2997aaca0da543",
            "sensitive_content": null,
            "source": null
          },
          "sensitive_attributes": [
            [
              {
                "type": "get_attr",
                "value": "content"
              }
            ]
          ],
          "private": "bnVsbA==",
          "dependencies": [
            "tls_private_key.private_key"
          ]
        }
      ]
    },
    {
      "mode": "managed",
      "type": "tls_private_key",
      "name": "private_key",
      "provider": "provider[\"registry.terraform.io/hashicorp/tls\"]",
      "instances": [
        {
          "schema_version": 0,
          "attributes": {
            "algorithm": "RSA",
            "ecdsa_curve": "P224",
            "id": "cb5240208f8f24e8fd8217e2e568fdc1e7480234",
            "private_key_pem": "-----BEGIN RSA PRIVATE KEY-----\nMIIJKAIBAAKCAgEAwSa7R5+Mf+xMjBCo+MVpGFKgEcrQmBnvaRt4u/mMR4JzLr4B\njfsh6yCuLtE5YyxfChhPgAk55+kWJoQkHVX6vXHWdgSL42wtmTwTjpTWuX5epmDI\niGvGXkJokR8ZDkXylAjc9drgLSf1vAijv2mvgKt62fHSUGNE1dmZppqxeAm+SgQz\n7tSNfLpE+VEO0/GKX9ToxCYDtH4J/92t0d8xCF2VvNUe+Ei1KelNccRXju3ozY35\nhpwkq6k3//Wfftss1wNaSkLPnMXsWUT6FIdmaiA4joYnDVvbuuUwtBDMplUAYrSj\nsHF1lkwad6WhdEP0gCRwLuT1d6tkCQSTQNKaFUlKYvDSaCPwwdNeKs0tpNEJ5yd2\npdeD0V5eXilD9dNq/z8CJn7jKfjMk22uTQLF7dl4jwjESCM4IHbEt6W76p9jsaAk\neBQmK+uPC95t5e9+bMjkh9h6IKZQg3/TsDH3pVG/qCYaObiXrSuNnu0ZjlkoIGf0\ncrBQZ8VYCBIqmCA41nrLg4HLSmKJCfEAFRc14Epc4F97/Xwls5jqU3TNjTDPgUEO\nSErZaGW4f5AwUcvpS2ZU6JRd9mcHZmYBBOtJ+2sCphPHd5j92JcZnUryLcwpKDlt\nVp3Doz1UKkv3b5MBOwVhUoZzsuUtHAKv5ZX6c7fb1v3HwHSkbM58CaSyXwkCAwEA\nAQKCAgBKLykQ+juJSmWgCioL2i5iNCHck4wITzW/pdh6Qf9Z28WHd1y7fm/pkdS0\nkJE9AObDxtCJ+YEvDDwAsRH53nL+XgGjtF1SDNN6njNYuNu7xMhvmI6MrvAydckZ\nq9sAu2bO6pSLLPSbA1UDUkIqG1pXzgTSPmmrjGT8yaWU8qck1oEqhnC30xVAiX5C\nT5qlVojyA6Ee7QbRRPNsPWUsTU/UybTgIO7TJ4HFRiEDiAilEcUvZc8nn0MKV2T1\nvw3yOBYBwvzjtsNskCwVoUN3rQVtz1BJlUbcf6JmJu7MygMAA3excXXJJ9qkzjgA\nKjJXqF349YXMzQ1mWAKE4Cf6Zqjcx0fQh6LSEXgqdNnLW+wcf3AiDyJ4ehOJ3vqV\nWUSjEuL4hQG6yiOtCA7AAsMSeWGNRApZtW1KEj+mUM+6l/lps+S+Wg4x914JuZFh\nLimzsHPH2SDY+Ao81ebox/ligxNLrCvAaDKGEqYIZ1O8NqmJpZ5fS8sV76oiG6mZ\nhXLJX32dV80yNHnSqgpg5W/f0cOJJQcVr0aN2tF2f7d9raOMzdBh+w0Nyk28lN/G\nHdP8xKlIw/8JFVadKzCJHof8d3YfDmxhdcteAf0ITOr6Za9Mc9UNPsjS1bOGNwvI\nUhBT6QTo7ra1oIM7TOySE9xyTsPr1LfPFQzXX5JwegE0abuUgQKCAQEA35t+OV/j\nbMLgz8lopYxlW6E0BWqAv/+J3fWipxPywVDQAdnJ5Oxl30kazGhtoRuxyH+AFmxf\nk447k8f4ysgMGUgcx9ToCz93auy4qhjIkrbx7s6/EC+pCxJRIQbAlfuByl70+qXr\nw582CW5GhKx0HcvEznsX/XLO+wA701VJTlzvSZQJjW4kE4CojqTW4T3aHu0YQ3V+\n/of868wLhbz9K0D1VqiWvYx7XtMjJsnpmahHLJPXN5IpDCU7YmT/Vg4pms25tAC6\noWy8MjejJIrq/jncVD0Ib89Zw70ys8qByt6ICxwFd60LIcvTmYDX4obeZBCrGBdD\nFnS73syANMOhUQKCAQEA3SHFOW6dsPE+W6onpgC+dh/qQQgHofoS5RTk7I9tcriQ\nh41GXCnkG9Wq/7mUR0W+gZqrTIuEsTVlbRS7xDi8jS6L+ne8UkAU+RoQaN/Hp5P2\nrYgRiFuBAzz9XPp0MlOD+wBHPdp0H/MisdblVeiJssBVhBJSBAPKBHMahEDkfsbf\nUOwx3BObFkgB3Yhq33Sc48iaXo7T07c6XHeDKkZPDzeCkyJywY0Czkif4FJlTSJG\n8NgnZeQ8j3+Fl1/nhlaSnm2dUUud7FvOAtOk0DZHXAVQjhQGePzxYg4rzQO1VRRJ\nwhUrybheJeRj0NiAXDzZorhJeWpudC/VQrM0Qq80OQKCAQEAxhGyaZgql/i3stcx\nvxLx5YyRzApfKbNtqBMhlOXyrpKq7jjAwes1Aeh7uHz4PzGM9ZEbIMG2l7nxxCHq\nm5VAQlTCSbCqKux5F1nA6csyP+OVwneYfvn4vznma17T0QcMHPqn/i5i/NFWyFvK\nU1N/N7V8C3q18Wd1OJkoZTayzJs9yus62vCpPC1HIbOaM8LaJ3LVf0vgxg4nV6dS\nvZB+oYXUzIJhpF2AGqrkBEPujJGnGjGK/kqV2ZBRXgMgulWpPNrmmC/dIYhz2/e0\np3X2WmNea6/0fTYqyVwaQXAsMEuWLmEP5sZ9id5G/T5H/PyCmhi5tYlFf+q/T8fN\n+O8hQQKCAQAB/aHW6IYG58UV8iw1NGCCk7r6JuZasPOmmE+PSaNEmyDB96WggsgI\n8B1/+9233oreg9Py9naVWdO17a/bDl+0La0Y7icF3onRzEhFiW40tgJMgaMWxSwe\nKVhmk+Kj6ViQ0+nQRr0w5HF1hGfAJD3JHC4o6DlQy+/vplGgyyzDb2rnQZkZUBvf\nUXqi0e2UYWpgKpgpLcP+bfHaj0DhCoz/qBJG3NKHp4tU7BZ0YImE7kARPwDry+g3\nqoA7YqOk8/aR8o6uAq5DSHhMUjdzoGl4DJwzCz8bq7tIlLQUPmpNf8dCNgqU4FII\nqUu0v544NlwHOP2AWFLyPNQAq7hWuVkRAoIBADQ8/yVFmFBvT5fyMck+rcGosHLz\nFuuYG541QlNSEuHal57K9MoIMQYKtbvJbAP3XUxq9oRj95TfwkeMN4751kcRoZqm\nkAr2L3dNyQVVoDR5m2sudpeam7Rc2ozpjI+w4JysnkyfRW+8DQYcSu995YsnBPdU\nb0kXh8kz3+2sF2a39P5TFYEG8pyh0pDgOWe++hZmJfwFyGJUZTZB59RPP1ovMK4o\nxnf53jSdfn9gi2ZvTabUuTdVltBMT91y/i6gMUv89eZBISKZ8xkDohrEd2llaSl6\nqlW4QCgnSHPnmyT8lg5XrJH1K4WKs5xpKLXWKO+BezROHOihJZHl1AgtfyY=\n-----END RSA PRIVATE KEY-----\n",
            "public_key_fingerprint_md5": "9d:72:a6:ea:cf:c9:c2:db:ac:73:a3:6e:2f:0f:46:95",
            "public_key_openssh": "ssh-rsa AAAAB3NzaC1yc2EAAAADAQABAAACAQDBJrtHn4x/7EyMEKj4xWkYUqARytCYGe9pG3i7+YxHgnMuvgGN+yHrIK4u0TljLF8KGE+ACTnn6RYmhCQdVfq9cdZ2BIvjbC2ZPBOOlNa5fl6mYMiIa8ZeQmiRHxkORfKUCNz12uAtJ/W8CKO/aa+Aq3rZ8dJQY0TV2ZmmmrF4Cb5KBDPu1I18ukT5UQ7T8Ypf1OjEJgO0fgn/3a3R3zEIXZW81R74SLUp6U1xxFeO7ejNjfmGnCSrqTf/9Z9+2yzXA1pKQs+cxexZRPoUh2ZqIDiOhicNW9u65TC0EMymVQBitKOwcXWWTBp3paF0Q/SAJHAu5PV3q2QJBJNA0poVSUpi8NJoI/DB014qzS2k0QnnJ3al14PRXl5eKUP102r/PwImfuMp+MyTba5NAsXt2XiPCMRIIzggdsS3pbvqn2OxoCR4FCYr648L3m3l735syOSH2HogplCDf9OwMfelUb+oJho5uJetK42e7RmOWSggZ/RysFBnxVgIEiqYIDjWesuDgctKYokJ8QAVFzXgSlzgX3v9fCWzmOpTdM2NMM+BQQ5IStloZbh/kDBRy+lLZlTolF32ZwdmZgEE60n7awKmE8d3mP3YlxmdSvItzCkoOW1WncOjPVQqS/dvkwE7BWFShnOy5S0cAq/llfpzt9vW/cfAdKRsznwJpLJfCQ==\n",
            "public_key_pem": "-----BEGIN PUBLIC KEY-----\nMIICIjANBgkqhkiG9w0BAQEFAAOCAg8AMIICCgKCAgEAwSa7R5+Mf+xMjBCo+MVp\nGFKgEcrQmBnvaRt4u/mMR4JzLr4Bjfsh6yCuLtE5YyxfChhPgAk55+kWJoQkHVX6\nvXHWdgSL42wtmTwTjpTWuX5epmDIiGvGXkJokR8ZDkXylAjc9drgLSf1vAijv2mv\ngKt62fHSUGNE1dmZppqxeAm+SgQz7tSNfLpE+VEO0/GKX9ToxCYDtH4J/92t0d8x\nCF2VvNUe+Ei1KelNccRXju3ozY35hpwkq6k3//Wfftss1wNaSkLPnMXsWUT6FIdm\naiA4joYnDVvbuuUwtBDMplUAYrSjsHF1lkwad6WhdEP0gCRwLuT1d6tkCQSTQNKa\nFUlKYvDSaCPwwdNeKs0tpNEJ5yd2pdeD0V5eXilD9dNq/z8CJn7jKfjMk22uTQLF\n7dl4jwjESCM4IHbEt6W76p9jsaAkeBQmK+uPC95t5e9+bMjkh9h6IKZQg3/TsDH3\npVG/qCYaObiXrSuNnu0ZjlkoIGf0crBQZ8VYCBIqmCA41nrLg4HLSmKJCfEAFRc1\n4Epc4F97/Xwls5jqU3TNjTDPgUEOSErZaGW4f5AwUcvpS2ZU6JRd9mcHZmYBBOtJ\n+2sCphPHd5j92JcZnUryLcwpKDltVp3Doz1UKkv3b5MBOwVhUoZzsuUtHAKv5ZX6\nc7fb1v3HwHSkbM58CaSyXwkCAwEAAQ==\n-----END PUBLIC KEY-----\n",
            "rsa_bits": 4096
          },
          "sensitive_attributes": [],
          "private": "bnVsbA=="
        }
      ]
    }
  ]
}
